
Microsoft Visual Studio Solution File, Format Version 12.00
# Visual Studio 2013
VisualStudioVersion = 12.0.30110.0
MinimumVisualStudioVersion = 10.0.40219.1
Project("{2150E333-8FDC-42A3-9474-1A3956D46DE8}") = "Solution Items", "Solution Items", "{9A39845A-BEE1-4E90-B6EE-AC1B8A199D0A}"
	ProjectSection(SolutionItems) = preProject
		LocalRunning.testsettings = LocalRunning.testsettings
		README.txt = README.txt
	EndProjectSection
EndProject
Project("{FAE04EC0-301F-11D3-BF4B-00C04F79EFBC}") = "CDSReviewerCore", "CDSReviewerCore\CDSReviewerCore.csproj", "{A8C7DACD-1842-46E8-9F1A-82B1FF5E5790}"
EndProject
Project("{FAE04EC0-301F-11D3-BF4B-00C04F79EFBC}") = "CDSReviewerCoreTest", "CDSReviewerCoreTest\CDSReviewerCoreTest.csproj", "{26918805-A34F-47DB-9665-1F1A38D859AE}"
EndProject
Project("{FAE04EC0-301F-11D3-BF4B-00C04F79EFBC}") = "CDSReviewerModels", "CDSReviewerModels\CDSReviewerModels.csproj", "{EA04228A-4DEA-49A1-A5B3-3AEFF37A22F1}"
EndProject
Project("{FAE04EC0-301F-11D3-BF4B-00C04F79EFBC}") = "CDSReviewerModelsTest", "CDSReviewerModelsTest\CDSReviewerModelsTest.csproj", "{B6BE233A-7275-45A8-872B-72C2B26F1EA8}"
EndProject
Project("{2150E333-8FDC-42A3-9474-1A3956D46DE8}") = "Apps", "Apps", "{9ECAD3F6-285E-46CD-A7DE-55D704D13013}"
EndProject
Project("{FAE04EC0-301F-11D3-BF4B-00C04F79EFBC}") = "CDSReviewerWS", "CDSReviewerWS\CDSReviewerWS.csproj", "{965B0EA4-EE1C-417C-B2BB-0A367CF3DF0C}"
EndProject
Project("{FAE04EC0-301F-11D3-BF4B-00C04F79EFBC}") = "CDSReviewerWP", "CDSReviewerWP\CDSReviewerWP.csproj", "{E9197674-5310-4809-9184-66855CCA6CF7}"
EndProject
Global
	GlobalSection(SolutionConfigurationPlatforms) = preSolution
		Debug|Any CPU = Debug|Any CPU
		Debug|ARM = Debug|ARM
		Debug|x64 = Debug|x64
		Debug|x86 = Debug|x86
		Release|Any CPU = Release|Any CPU
		Release|ARM = Release|ARM
		Release|x64 = Release|x64
		Release|x86 = Release|x86
	EndGlobalSection
	GlobalSection(ProjectConfigurationPlatforms) = postSolution
		{A8C7DACD-1842-46E8-9F1A-82B1FF5E5790}.Debug|Any CPU.ActiveCfg = Debug|Any CPU
		{A8C7DACD-1842-46E8-9F1A-82B1FF5E5790}.Debug|Any CPU.Build.0 = Debug|Any CPU
		{A8C7DACD-1842-46E8-9F1A-82B1FF5E5790}.Debug|ARM.ActiveCfg = Debug|Any CPU
		{A8C7DACD-1842-46E8-9F1A-82B1FF5E5790}.Debug|x64.ActiveCfg = Debug|Any CPU
		{A8C7DACD-1842-46E8-9F1A-82B1FF5E5790}.Debug|x86.ActiveCfg = Debug|Any CPU
		{A8C7DACD-1842-46E8-9F1A-82B1FF5E5790}.Release|Any CPU.ActiveCfg = Release|Any CPU
		{A8C7DACD-1842-46E8-9F1A-82B1FF5E5790}.Release|Any CPU.Build.0 = Release|Any CPU
		{A8C7DACD-1842-46E8-9F1A-82B1FF5E5790}.Release|ARM.ActiveCfg = Release|Any CPU
		{A8C7DACD-1842-46E8-9F1A-82B1FF5E5790}.Release|x64.ActiveCfg = Release|Any CPU
		{A8C7DACD-1842-46E8-9F1A-82B1FF5E5790}.Release|x86.ActiveCfg = Release|Any CPU
		{26918805-A34F-47DB-9665-1F1A38D859AE}.Debug|Any CPU.ActiveCfg = Debug|Any CPU
		{26918805-A34F-47DB-9665-1F1A38D859AE}.Debug|Any CPU.Build.0 = Debug|Any CPU
		{26918805-A34F-47DB-9665-1F1A38D859AE}.Debug|ARM.ActiveCfg = Debug|Any CPU
		{26918805-A34F-47DB-9665-1F1A38D859AE}.Debug|x64.ActiveCfg = Debug|Any CPU
		{26918805-A34F-47DB-9665-1F1A38D859AE}.Debug|x86.ActiveCfg = Debug|Any CPU
		{26918805-A34F-47DB-9665-1F1A38D859AE}.Release|Any CPU.ActiveCfg = Release|Any CPU
		{26918805-A34F-47DB-9665-1F1A38D859AE}.Release|Any CPU.Build.0 = Release|Any CPU
		{26918805-A34F-47DB-9665-1F1A38D859AE}.Release|ARM.ActiveCfg = Release|Any CPU
		{26918805-A34F-47DB-9665-1F1A38D859AE}.Release|x64.ActiveCfg = Release|Any CPU
		{26918805-A34F-47DB-9665-1F1A38D859AE}.Release|x86.ActiveCfg = Release|Any CPU
		{EA04228A-4DEA-49A1-A5B3-3AEFF37A22F1}.Debug|Any CPU.ActiveCfg = Debug|Any CPU
		{EA04228A-4DEA-49A1-A5B3-3AEFF37A22F1}.Debug|Any CPU.Build.0 = Debug|Any CPU
		{EA04228A-4DEA-49A1-A5B3-3AEFF37A22F1}.Debug|ARM.ActiveCfg = Debug|Any CPU
		{EA04228A-4DEA-49A1-A5B3-3AEFF37A22F1}.Debug|x64.ActiveCfg = Debug|Any CPU
		{EA04228A-4DEA-49A1-A5B3-3AEFF37A22F1}.Debug|x86.ActiveCfg = Debug|Any CPU
		{EA04228A-4DEA-49A1-A5B3-3AEFF37A22F1}.Release|Any CPU.ActiveCfg = Release|Any CPU
		{EA04228A-4DEA-49A1-A5B3-3AEFF37A22F1}.Release|Any CPU.Build.0 = Release|Any CPU
		{EA04228A-4DEA-49A1-A5B3-3AEFF37A22F1}.Release|ARM.ActiveCfg = Release|Any CPU
		{EA04228A-4DEA-49A1-A5B3-3AEFF37A22F1}.Release|x64.ActiveCfg = Release|Any CPU
		{EA04228A-4DEA-49A1-A5B3-3AEFF37A22F1}.Release|x86.ActiveCfg = Release|Any CPU
		{B6BE233A-7275-45A8-872B-72C2B26F1EA8}.Debug|Any CPU.ActiveCfg = Debug|Any CPU
		{B6BE233A-7275-45A8-872B-72C2B26F1EA8}.Debug|Any CPU.Build.0 = Debug|Any CPU
		{B6BE233A-7275-45A8-872B-72C2B26F1EA8}.Debug|ARM.ActiveCfg = Debug|Any CPU
		{B6BE233A-7275-45A8-872B-72C2B26F1EA8}.Debug|x64.ActiveCfg = Debug|Any CPU
		{B6BE233A-7275-45A8-872B-72C2B26F1EA8}.Debug|x86.ActiveCfg = Debug|Any CPU
		{B6BE233A-7275-45A8-872B-72C2B26F1EA8}.Release|Any CPU.ActiveCfg = Release|Any CPU
		{B6BE233A-7275-45A8-872B-72C2B26F1EA8}.Release|Any CPU.Build.0 = Release|Any CPU
		{B6BE233A-7275-45A8-872B-72C2B26F1EA8}.Release|ARM.ActiveCfg = Release|Any CPU
		{B6BE233A-7275-45A8-872B-72C2B26F1EA8}.Release|x64.ActiveCfg = Release|Any CPU
		{B6BE233A-7275-45A8-872B-72C2B26F1EA8}.Release|x86.ActiveCfg = Release|Any CPU
		{965B0EA4-EE1C-417C-B2BB-0A367CF3DF0C}.Debug|Any CPU.ActiveCfg = Debug|Any CPU
		{965B0EA4-EE1C-417C-B2BB-0A367CF3DF0C}.Debug|Any CPU.Build.0 = Debug|Any CPU
		{965B0EA4-EE1C-417C-B2BB-0A367CF3DF0C}.Debug|Any CPU.Deploy.0 = Debug|Any CPU
		{965B0EA4-EE1C-417C-B2BB-0A367CF3DF0C}.Debug|ARM.ActiveCfg = Debug|ARM
		{965B0EA4-EE1C-417C-B2BB-0A367CF3DF0C}.Debug|ARM.Build.0 = Debug|ARM
		{965B0EA4-EE1C-417C-B2BB-0A367CF3DF0C}.Debug|ARM.Deploy.0 = Debug|ARM
		{965B0EA4-EE1C-417C-B2BB-0A367CF3DF0C}.Debug|x64.ActiveCfg = Debug|x64
		{965B0EA4-EE1C-417C-B2BB-0A367CF3DF0C}.Debug|x64.Build.0 = Debug|x64
		{965B0EA4-EE1C-417C-B2BB-0A367CF3DF0C}.Debug|x64.Deploy.0 = Debug|x64
		{965B0EA4-EE1C-417C-B2BB-0A367CF3DF0C}.Debug|x86.ActiveCfg = Debug|x86
		{965B0EA4-EE1C-417C-B2BB-0A367CF3DF0C}.Debug|x86.Build.0 = Debug|x86
		{965B0EA4-EE1C-417C-B2BB-0A367CF3DF0C}.Debug|x86.Deploy.0 = Debug|x86
		{965B0EA4-EE1C-417C-B2BB-0A367CF3DF0C}.Release|Any CPU.ActiveCfg = Release|Any CPU
		{965B0EA4-EE1C-417C-B2BB-0A367CF3DF0C}.Release|Any CPU.Build.0 = Release|Any CPU
		{965B0EA4-EE1C-417C-B2BB-0A367CF3DF0C}.Release|Any CPU.Deploy.0 = Release|Any CPU
		{965B0EA4-EE1C-417C-B2BB-0A367CF3DF0C}.Release|ARM.ActiveCfg = Release|ARM
		{965B0EA4-EE1C-417C-B2BB-0A367CF3DF0C}.Release|ARM.Build.0 = Release|ARM
		{965B0EA4-EE1C-417C-B2BB-0A367CF3DF0C}.Release|ARM.Deploy.0 = Release|ARM
		{965B0EA4-EE1C-417C-B2BB-0A367CF3DF0C}.Release|x64.ActiveCfg = Release|x64
		{965B0EA4-EE1C-417C-B2BB-0A367CF3DF0C}.Release|x64.Build.0 = Release|x64
		{965B0EA4-EE1C-417C-B2BB-0A367CF3DF0C}.Release|x64.Deploy.0 = Release|x64
		{965B0EA4-EE1C-417C-B2BB-0A367CF3DF0C}.Release|x86.ActiveCfg = Release|x86
		{965B0EA4-EE1C-417C-B2BB-0A367CF3DF0C}.Release|x86.Build.0 = Release|x86
		{965B0EA4-EE1C-417C-B2BB-0A367CF3DF0C}.Release|x86.Deploy.0 = Release|x86
		{E9197674-5310-4809-9184-66855CCA6CF7}.Debug|Any CPU.ActiveCfg = Debug|Any CPU
		{E9197674-5310-4809-9184-66855CCA6CF7}.Debug|Any CPU.Build.0 = Debug|Any CPU
		{E9197674-5310-4809-9184-66855CCA6CF7}.Debug|Any CPU.Deploy.0 = Debug|Any CPU
		{E9197674-5310-4809-9184-66855CCA6CF7}.Debug|ARM.ActiveCfg = Debug|ARM
		{E9197674-5310-4809-9184-66855CCA6CF7}.Debug|ARM.Build.0 = Debug|ARM
		{E9197674-5310-4809-9184-66855CCA6CF7}.Debug|ARM.Deploy.0 = Debug|ARM
		{E9197674-5310-4809-9184-66855CCA6CF7}.Debug|x64.ActiveCfg = Debug|Any CPU
		{E9197674-5310-4809-9184-66855CCA6CF7}.Debug|x86.ActiveCfg = Debug|x86
		{E9197674-5310-4809-9184-66855CCA6CF7}.Debug|x86.Build.0 = Debug|x86
		{E9197674-5310-4809-9184-66855CCA6CF7}.Debug|x86.Deploy.0 = Debug|x86
		{E9197674-5310-4809-9184-66855CCA6CF7}.Release|Any CPU.ActiveCfg = Release|Any CPU
		{E9197674-5310-4809-9184-66855CCA6CF7}.Release|Any CPU.Build.0 = Release|Any CPU
		{E9197674-5310-4809-9184-66855CCA6CF7}.Release|Any CPU.Deploy.0 = Release|Any CPU
		{E9197674-5310-4809-9184-66855CCA6CF7}.Release|ARM.ActiveCfg = Release|ARM
		{E9197674-5310-4809-9184-66855CCA6CF7}.Release|ARM.Build.0 = Release|ARM
		{E9197674-5310-4809-9184-66855CCA6CF7}.Release|ARM.Deploy.0 = Release|ARM
		{E9197674-5310-4809-9184-66855CCA6CF7}.Release|x64.ActiveCfg = Release|Any CPU
		{E9197674-5310-4809-9184-66855CCA6CF7}.Release|x86.ActiveCfg = Release|x86
		{E9197674-5310-4809-9184-66855CCA6CF7}.Release|x86.Build.0 = Release|x86
		{E9197674-5310-4809-9184-66855CCA6CF7}.Release|x86.Deploy.0 = Release|x86
	EndGlobalSection
	GlobalSection(SolutionProperties) = preSolution
		HideSolutionNode = FALSE
	EndGlobalSection
	GlobalSection(NestedProjects) = preSolution
		{965B0EA4-EE1C-417C-B2BB-0A367CF3DF0C} = {9ECAD3F6-285E-46CD-A7DE-55D704D13013}
		{E9197674-5310-4809-9184-66855CCA6CF7} = {9ECAD3F6-285E-46CD-A7DE-55D704D13013}
	EndGlobalSection
EndGlobal
